
Microsoft Visual Studio Solution File, Format Version 12.00
# Visual Studio Version 17
VisualStudioVersion = 17.3.32929.385
MinimumVisualStudioVersion = 10.0.40219.1
Project("{FAE04EC0-301F-11D3-BF4B-00C04F79EFBC}") = "CrudAsp.Net", "Crud Asp.Net\CrudAsp.Net.csproj", "{99274777-8F6B-4943-A683-0AB2FB82916D}"
EndProject
Project("{2150E333-8FDC-42A3-9474-1A3956D46DE8}") = "Solution Items", "Solution Items", "{9E653076-70E2-4161-B830-C84E50CC3AED}"
	ProjectSection(SolutionItems) = preProject
		.editorconfig = .editorconfig
	EndProjectSection
EndProject
Global
	GlobalSection(SolutionConfigurationPlatforms) = preSolution
		Debug|Any CPU = Debug|Any CPU
		Release|Any CPU = Release|Any CPU
	EndGlobalSection
	GlobalSection(ProjectConfigurationPlatforms) = postSolution
		{99274777-8F6B-4943-A683-0AB2FB82916D}.Debug|Any CPU.ActiveCfg = Debug|Any CPU
		{99274777-8F6B-4943-A683-0AB2FB82916D}.Debug|Any CPU.Build.0 = Debug|Any CPU
		{99274777-8F6B-4943-A683-0AB2FB82916D}.Release|Any CPU.ActiveCfg = Release|Any CPU
		{99274777-8F6B-4943-A683-0AB2FB82916D}.Release|Any CPU.Build.0 = Release|Any CPU
	EndGlobalSection
	GlobalSection(SolutionProperties) = preSolution
		HideSolutionNode = FALSE
	EndGlobalSection
	GlobalSection(ExtensibilityGlobals) = postSolution
		SolutionGuid = {EE002774-633D-4379-96ED-40F030F86B55}
	EndGlobalSection
EndGlobal
